{
  "name": "my-demo-project",
  "requires": true,
  "lockfileVersion": 1,
  "dependencies": {
    "tether": {
      "version": "2.0.0-beta.5",
      "resolved": "https://registry.npmjs.org/tether/-/tether-2.0.0-beta.5.tgz",
      "integrity": "sha512-cgNWJn+jznlK2SYeRSpozCj0LSPSgCccBg9bO5+PA/XysrszjDAXF66XnPxHxzb+MdX7P89tJze/j2zjkBGODg=="
    }
  }
}
